
Microsoft Visual Studio Solution File, Format Version 12.00
# Visual Studio Version 16
VisualStudioVersion = 16.0.31729.503
MinimumVisualStudioVersion = 10.0.40219.1
Project("{9A19103F-16F7-4668-BE54-9A1E7A4F7556}") = "vosplzen.sem1", "vosplzen.sem1\vosplzen.sem1.csproj", "{805D0A5C-97C7-4773-B1AB-443B79F37D3A}"
EndProject
Project("{2150E333-8FDC-42A3-9474-1A3956D46DE8}") = "Sem1h1", "Sem1h1", "{413B41DC-BFF5-4AB4-A56E-45B42A98A883}"
EndProject
Global
	GlobalSection(SolutionConfigurationPlatforms) = preSolution
		Debug|Any CPU = Debug|Any CPU
		Release|Any CPU = Release|Any CPU
	EndGlobalSection
	GlobalSection(ProjectConfigurationPlatforms) = postSolution
		{805D0A5C-97C7-4773-B1AB-443B79F37D3A}.Debug|Any CPU.ActiveCfg = Debug|Any CPU
		{805D0A5C-97C7-4773-B1AB-443B79F37D3A}.Debug|Any CPU.Build.0 = Debug|Any CPU
		{805D0A5C-97C7-4773-B1AB-443B79F37D3A}.Release|Any CPU.ActiveCfg = Release|Any CPU
		{805D0A5C-97C7-4773-B1AB-443B79F37D3A}.Release|Any CPU.Build.0 = Release|Any CPU
	EndGlobalSection
	GlobalSection(SolutionProperties) = preSolution
		HideSolutionNode = FALSE
	EndGlobalSection
	GlobalSection(NestedProjects) = preSolution
		{805D0A5C-97C7-4773-B1AB-443B79F37D3A} = {413B41DC-BFF5-4AB4-A56E-45B42A98A883}
	EndGlobalSection
	GlobalSection(ExtensibilityGlobals) = postSolution
		SolutionGuid = {9D17C7D1-A355-412A-ABA7-4353749173FF}
	EndGlobalSection
EndGlobal
