
Microsoft Visual Studio Solution File, Format Version 12.00
# Visual Studio Version 16
VisualStudioVersion = 16.0.31729.503
MinimumVisualStudioVersion = 10.0.40219.1
Project("{FAE04EC0-301F-11D3-BF4B-00C04F79EFBC}") = "vosplzen.sem1", "vosplzen.sem1\vosplzen.sem1.csproj", "{805D0A5C-97C7-4773-B1AB-443B79F37D3A}"
EndProject
Global
	GlobalSection(SolutionConfigurationPlatforms) = preSolution
		Debug|Any CPU = Debug|Any CPU
		Release|Any CPU = Release|Any CPU
	EndGlobalSection
	GlobalSection(ProjectConfigurationPlatforms) = postSolution
		{805D0A5C-97C7-4773-B1AB-443B79F37D3A}.Debug|Any CPU.ActiveCfg = Debug|Any CPU
		{805D0A5C-97C7-4773-B1AB-443B79F37D3A}.Debug|Any CPU.Build.0 = Debug|Any CPU
		{805D0A5C-97C7-4773-B1AB-443B79F37D3A}.Release|Any CPU.ActiveCfg = Release|Any CPU
		{805D0A5C-97C7-4773-B1AB-443B79F37D3A}.Release|Any CPU.Build.0 = Release|Any CPU
	EndGlobalSection
	GlobalSection(SolutionProperties) = preSolution
		HideSolutionNode = FALSE
	EndGlobalSection
	GlobalSection(ExtensibilityGlobals) = postSolution
		SolutionGuid = {9D17C7D1-A355-412A-ABA7-4353749173FF}
	EndGlobalSection
EndGlobal
